
Microsoft Visual Studio Solution File, Format Version 12.00
# Visual Studio Version 17
VisualStudioVersion = 17.14.36811.4 d17.14
MinimumVisualStudioVersion = 10.0.40219.1
Project("{FAE04EC0-301F-11D3-BF4B-00C04F79EFBC}") = "QLSV", "QLSV\QLSV.csproj", "{51D54715-A4BF-434E-B01C-4B84B7159324}"
EndProject
Global
	GlobalSection(SolutionConfigurationPlatforms) = preSolution
		Debug|Any CPU = Debug|Any CPU
		Release|Any CPU = Release|Any CPU
	EndGlobalSection
	GlobalSection(ProjectConfigurationPlatforms) = postSolution
		{51D54715-A4BF-434E-B01C-4B84B7159324}.Debug|Any CPU.ActiveCfg = Debug|Any CPU
		{51D54715-A4BF-434E-B01C-4B84B7159324}.Debug|Any CPU.Build.0 = Debug|Any CPU
		{51D54715-A4BF-434E-B01C-4B84B7159324}.Release|Any CPU.ActiveCfg = Release|Any CPU
		{51D54715-A4BF-434E-B01C-4B84B7159324}.Release|Any CPU.Build.0 = Release|Any CPU
	EndGlobalSection
	GlobalSection(SolutionProperties) = preSolution
		HideSolutionNode = FALSE
	EndGlobalSection
	GlobalSection(ExtensibilityGlobals) = postSolution
		SolutionGuid = {224EE1D1-09AE-4564-86CA-FCD6564E148D}
	EndGlobalSection
EndGlobal
